
Microsoft Visual Studio Solution File, Format Version 12.00
# Visual Studio Version 17
VisualStudioVersion = 17.7.34009.444
MinimumVisualStudioVersion = 10.0.40219.1
Project("{FAE04EC0-301F-11D3-BF4B-00C04F79EFBC}") = "testowy_1", "testowy_1\testowy_1.csproj", "{81136160-CB8E-466E-8D2F-766E03A39958}"
EndProject
Global
	GlobalSection(SolutionConfigurationPlatforms) = preSolution
		Debug|Any CPU = Debug|Any CPU
		Release|Any CPU = Release|Any CPU
	EndGlobalSection
	GlobalSection(ProjectConfigurationPlatforms) = postSolution
		{81136160-CB8E-466E-8D2F-766E03A39958}.Debug|Any CPU.ActiveCfg = Debug|Any CPU
		{81136160-CB8E-466E-8D2F-766E03A39958}.Debug|Any CPU.Build.0 = Debug|Any CPU
		{81136160-CB8E-466E-8D2F-766E03A39958}.Release|Any CPU.ActiveCfg = Release|Any CPU
		{81136160-CB8E-466E-8D2F-766E03A39958}.Release|Any CPU.Build.0 = Release|Any CPU
	EndGlobalSection
	GlobalSection(SolutionProperties) = preSolution
		HideSolutionNode = FALSE
	EndGlobalSection
	GlobalSection(ExtensibilityGlobals) = postSolution
		SolutionGuid = {BEAB390C-DE39-42FB-B338-E86676166E4C}
	EndGlobalSection
EndGlobal
